
Microsoft Visual Studio Solution File, Format Version 12.00
# Visual Studio Version 17
VisualStudioVersion = 17.3.32929.385
MinimumVisualStudioVersion = 10.0.40219.1
Project("{FAE04EC0-301F-11D3-BF4B-00C04F79EFBC}") = "Emp.Manage.System", "Emp.Manage.System\Emp.Manage.System.csproj", "{51833531-04B3-416A-A5E2-4B71EE68CCCA}"
EndProject
Global
	GlobalSection(SolutionConfigurationPlatforms) = preSolution
		Debug|Any CPU = Debug|Any CPU
		Release|Any CPU = Release|Any CPU
	EndGlobalSection
	GlobalSection(ProjectConfigurationPlatforms) = postSolution
		{51833531-04B3-416A-A5E2-4B71EE68CCCA}.Debug|Any CPU.ActiveCfg = Debug|Any CPU
		{51833531-04B3-416A-A5E2-4B71EE68CCCA}.Debug|Any CPU.Build.0 = Debug|Any CPU
		{51833531-04B3-416A-A5E2-4B71EE68CCCA}.Release|Any CPU.ActiveCfg = Release|Any CPU
		{51833531-04B3-416A-A5E2-4B71EE68CCCA}.Release|Any CPU.Build.0 = Release|Any CPU
	EndGlobalSection
	GlobalSection(SolutionProperties) = preSolution
		HideSolutionNode = FALSE
	EndGlobalSection
	GlobalSection(ExtensibilityGlobals) = postSolution
		SolutionGuid = {10B4DB70-0894-4C04-9540-69BF42D7516F}
	EndGlobalSection
EndGlobal
